
Microsoft Visual Studio Solution File, Format Version 12.00
# Visual Studio 14
VisualStudioVersion = 14.0.25420.1
MinimumVisualStudioVersion = 10.0.40219.1
Project("{FAE04EC0-301F-11D3-BF4B-00C04F79EFBC}") = "GameOfLife", "GameOfLife.csproj", "{1149F081-285C-24C8-5DDD-2BF8DE4A29CE}"
EndProject
Global
	GlobalSection(SolutionConfigurationPlatforms) = preSolution
		Debug|Any CPU = Debug|Any CPU
		Release|Any CPU = Release|Any CPU
	EndGlobalSection
	GlobalSection(ProjectConfigurationPlatforms) = postSolution
		{1149F081-285C-24C8-5DDD-2BF8DE4A29CE}.Debug|Any CPU.ActiveCfg = Debug|Any CPU
		{1149F081-285C-24C8-5DDD-2BF8DE4A29CE}.Debug|Any CPU.Build.0 = Debug|Any CPU
		{1149F081-285C-24C8-5DDD-2BF8DE4A29CE}.Release|Any CPU.ActiveCfg = Release|Any CPU
		{1149F081-285C-24C8-5DDD-2BF8DE4A29CE}.Release|Any CPU.Build.0 = Release|Any CPU
	EndGlobalSection
	GlobalSection(SolutionProperties) = preSolution
		HideSolutionNode = FALSE
	EndGlobalSection
	GlobalSection(CodealikeProperties) = postSolution
		SolutionGuid = 7484d176-d6a0-4206-bed0-2049cf3813ec
	EndGlobalSection
EndGlobal
